
Microsoft Visual Studio Solution File, Format Version 12.00
# Visual Studio Version 17
VisualStudioVersion = 17.14.37314.3 d17.14
MinimumVisualStudioVersion = 10.0.40219.1
Project("{FAE04EC0-301F-11D3-BF4B-00C04F79EFBC}") = "HealthcareDecisionApp", "HealthcareDecisionApp\HealthcareDecisionApp.csproj", "{32D615AB-8ECB-4B92-A660-90DC01809F7E}"
EndProject
Global
	GlobalSection(SolutionConfigurationPlatforms) = preSolution
		Debug|Any CPU = Debug|Any CPU
		Release|Any CPU = Release|Any CPU
	EndGlobalSection
	GlobalSection(ProjectConfigurationPlatforms) = postSolution
		{32D615AB-8ECB-4B92-A660-90DC01809F7E}.Debug|Any CPU.ActiveCfg = Debug|Any CPU
		{32D615AB-8ECB-4B92-A660-90DC01809F7E}.Debug|Any CPU.Build.0 = Debug|Any CPU
		{32D615AB-8ECB-4B92-A660-90DC01809F7E}.Release|Any CPU.ActiveCfg = Release|Any CPU
		{32D615AB-8ECB-4B92-A660-90DC01809F7E}.Release|Any CPU.Build.0 = Release|Any CPU
	EndGlobalSection
	GlobalSection(SolutionProperties) = preSolution
		HideSolutionNode = FALSE
	EndGlobalSection
	GlobalSection(ExtensibilityGlobals) = postSolution
		SolutionGuid = {2E0B3317-0051-4E0F-BA8B-DA52E9E2F955}
	EndGlobalSection
EndGlobal
