
Microsoft Visual Studio Solution File, Format Version 12.00
# Visual Studio Version 17
VisualStudioVersion = 17.14.37314.3 d17.14
MinimumVisualStudioVersion = 10.0.40219.1
Project("{FAE04EC0-301F-11D3-BF4B-00C04F79EFBC}") = "NewFixedArray", "NewFixedArray\NewFixedArray.csproj", "{7C836648-C51B-4C6E-A3ED-ABB16DAB97BE}"
EndProject
Global
	GlobalSection(SolutionConfigurationPlatforms) = preSolution
		Debug|Any CPU = Debug|Any CPU
		Release|Any CPU = Release|Any CPU
	EndGlobalSection
	GlobalSection(ProjectConfigurationPlatforms) = postSolution
		{7C836648-C51B-4C6E-A3ED-ABB16DAB97BE}.Debug|Any CPU.ActiveCfg = Debug|Any CPU
		{7C836648-C51B-4C6E-A3ED-ABB16DAB97BE}.Debug|Any CPU.Build.0 = Debug|Any CPU
		{7C836648-C51B-4C6E-A3ED-ABB16DAB97BE}.Release|Any CPU.ActiveCfg = Release|Any CPU
		{7C836648-C51B-4C6E-A3ED-ABB16DAB97BE}.Release|Any CPU.Build.0 = Release|Any CPU
	EndGlobalSection
	GlobalSection(SolutionProperties) = preSolution
		HideSolutionNode = FALSE
	EndGlobalSection
	GlobalSection(ExtensibilityGlobals) = postSolution
		SolutionGuid = {8D9D344E-1E8D-4382-8899-C6C7BED067EC}
	EndGlobalSection
EndGlobal
