
Microsoft Visual Studio Solution File, Format Version 12.00
# Visual Studio Version 17
VisualStudioVersion = 17.14.37314.3 d17.14
MinimumVisualStudioVersion = 10.0.40219.1
Project("{FAE04EC0-301F-11D3-BF4B-00C04F79EFBC}") = "RegistrationFoundation", "RegistrationFoundation\RegistrationFoundation.csproj", "{D4F702AA-41AA-402C-B209-A30C5607850F}"
EndProject
Global
	GlobalSection(SolutionConfigurationPlatforms) = preSolution
		Debug|Any CPU = Debug|Any CPU
		Release|Any CPU = Release|Any CPU
	EndGlobalSection
	GlobalSection(ProjectConfigurationPlatforms) = postSolution
		{D4F702AA-41AA-402C-B209-A30C5607850F}.Debug|Any CPU.ActiveCfg = Debug|Any CPU
		{D4F702AA-41AA-402C-B209-A30C5607850F}.Debug|Any CPU.Build.0 = Debug|Any CPU
		{D4F702AA-41AA-402C-B209-A30C5607850F}.Release|Any CPU.ActiveCfg = Release|Any CPU
		{D4F702AA-41AA-402C-B209-A30C5607850F}.Release|Any CPU.Build.0 = Release|Any CPU
	EndGlobalSection
	GlobalSection(SolutionProperties) = preSolution
		HideSolutionNode = FALSE
	EndGlobalSection
	GlobalSection(ExtensibilityGlobals) = postSolution
		SolutionGuid = {3891DC9D-3F81-4997-A185-40D2BF353ADD}
	EndGlobalSection
EndGlobal
