
Microsoft Visual Studio Solution File, Format Version 12.00
# Visual Studio Version 17
VisualStudioVersion = 17.14.37314.3 d17.14
MinimumVisualStudioVersion = 10.0.40219.1
Project("{FAE04EC0-301F-11D3-BF4B-00C04F79EFBC}") = "CareBridge.PerformanceLab", "CareBridge.PerformanceLab\CareBridge.PerformanceLab.csproj", "{A0D872DE-FFC6-483D-BC1E-7FD06EC07BDF}"
EndProject
Global
	GlobalSection(SolutionConfigurationPlatforms) = preSolution
		Debug|Any CPU = Debug|Any CPU
		Release|Any CPU = Release|Any CPU
	EndGlobalSection
	GlobalSection(ProjectConfigurationPlatforms) = postSolution
		{A0D872DE-FFC6-483D-BC1E-7FD06EC07BDF}.Debug|Any CPU.ActiveCfg = Debug|Any CPU
		{A0D872DE-FFC6-483D-BC1E-7FD06EC07BDF}.Debug|Any CPU.Build.0 = Debug|Any CPU
		{A0D872DE-FFC6-483D-BC1E-7FD06EC07BDF}.Release|Any CPU.ActiveCfg = Release|Any CPU
		{A0D872DE-FFC6-483D-BC1E-7FD06EC07BDF}.Release|Any CPU.Build.0 = Release|Any CPU
	EndGlobalSection
	GlobalSection(SolutionProperties) = preSolution
		HideSolutionNode = FALSE
	EndGlobalSection
	GlobalSection(ExtensibilityGlobals) = postSolution
		SolutionGuid = {76416C43-F579-4C02-A1A3-CBD6A2288759}
	EndGlobalSection
EndGlobal
