
Microsoft Visual Studio Solution File, Format Version 12.00
# Visual Studio Version 17
VisualStudioVersion = 17.14.37314.3 d17.14
MinimumVisualStudioVersion = 10.0.40219.1
Project("{FAE04EC0-301F-11D3-BF4B-00C04F79EFBC}") = "PatientRegistryConsole", "PatientRegistryConsole\PatientRegistryConsole.csproj", "{C9CD939E-09EF-4528-80DF-7DD5FE9A61FC}"
EndProject
Global
	GlobalSection(SolutionConfigurationPlatforms) = preSolution
		Debug|Any CPU = Debug|Any CPU
		Release|Any CPU = Release|Any CPU
	EndGlobalSection
	GlobalSection(ProjectConfigurationPlatforms) = postSolution
		{C9CD939E-09EF-4528-80DF-7DD5FE9A61FC}.Debug|Any CPU.ActiveCfg = Debug|Any CPU
		{C9CD939E-09EF-4528-80DF-7DD5FE9A61FC}.Debug|Any CPU.Build.0 = Debug|Any CPU
		{C9CD939E-09EF-4528-80DF-7DD5FE9A61FC}.Release|Any CPU.ActiveCfg = Release|Any CPU
		{C9CD939E-09EF-4528-80DF-7DD5FE9A61FC}.Release|Any CPU.Build.0 = Release|Any CPU
	EndGlobalSection
	GlobalSection(SolutionProperties) = preSolution
		HideSolutionNode = FALSE
	EndGlobalSection
	GlobalSection(ExtensibilityGlobals) = postSolution
		SolutionGuid = {E3F4A795-801B-461B-B3BB-5B0080A056E7}
	EndGlobalSection
EndGlobal
